
Microsoft Visual Studio Solution File, Format Version 12.00
# Visual Studio Version 16
VisualStudioVersion = 16.0.31205.134
MinimumVisualStudioVersion = 10.0.40219.1
Project("{9A19103F-16F7-4668-BE54-9A1E7A4F7556}") = "Assembly Browser", "Assembly Browser\Assembly Browser.csproj", "{731245D9-5839-43EF-BB15-F4E42BD76909}"
EndProject
Project("{9A19103F-16F7-4668-BE54-9A1E7A4F7556}") = "AssemblyDataExtractor", "AssemblyDataExtractor\AssemblyDataExtractor.csproj", "{390565F7-59A6-4333-88E1-45EDE84DF1D8}"
EndProject
Project("{9A19103F-16F7-4668-BE54-9A1E7A4F7556}") = "AssemblyDataExtractorTests", "AssemblyDataExtractorTests\AssemblyDataExtractorTests.csproj", "{564F9A43-E3CC-4D88-B970-B637115EFC90}"
EndProject
Project("{FAE04EC0-301F-11D3-BF4B-00C04F79EFBC}") = "SampleAssemblies", "SampleAssemblies\SampleAssemblies.csproj", "{F0A1DBC1-463E-4560-84F0-374E9E3519D9}"
EndProject
Global
	GlobalSection(SolutionConfigurationPlatforms) = preSolution
		Debug|Any CPU = Debug|Any CPU
		Release|Any CPU = Release|Any CPU
	EndGlobalSection
	GlobalSection(ProjectConfigurationPlatforms) = postSolution
		{731245D9-5839-43EF-BB15-F4E42BD76909}.Debug|Any CPU.ActiveCfg = Debug|Any CPU
		{731245D9-5839-43EF-BB15-F4E42BD76909}.Debug|Any CPU.Build.0 = Debug|Any CPU
		{731245D9-5839-43EF-BB15-F4E42BD76909}.Release|Any CPU.ActiveCfg = Release|Any CPU
		{731245D9-5839-43EF-BB15-F4E42BD76909}.Release|Any CPU.Build.0 = Release|Any CPU
		{390565F7-59A6-4333-88E1-45EDE84DF1D8}.Debug|Any CPU.ActiveCfg = Debug|Any CPU
		{390565F7-59A6-4333-88E1-45EDE84DF1D8}.Debug|Any CPU.Build.0 = Debug|Any CPU
		{390565F7-59A6-4333-88E1-45EDE84DF1D8}.Release|Any CPU.ActiveCfg = Release|Any CPU
		{390565F7-59A6-4333-88E1-45EDE84DF1D8}.Release|Any CPU.Build.0 = Release|Any CPU
		{564F9A43-E3CC-4D88-B970-B637115EFC90}.Debug|Any CPU.ActiveCfg = Debug|Any CPU
		{564F9A43-E3CC-4D88-B970-B637115EFC90}.Debug|Any CPU.Build.0 = Debug|Any CPU
		{564F9A43-E3CC-4D88-B970-B637115EFC90}.Release|Any CPU.ActiveCfg = Release|Any CPU
		{564F9A43-E3CC-4D88-B970-B637115EFC90}.Release|Any CPU.Build.0 = Release|Any CPU
		{F0A1DBC1-463E-4560-84F0-374E9E3519D9}.Debug|Any CPU.ActiveCfg = Debug|Any CPU
		{F0A1DBC1-463E-4560-84F0-374E9E3519D9}.Debug|Any CPU.Build.0 = Debug|Any CPU
		{F0A1DBC1-463E-4560-84F0-374E9E3519D9}.Release|Any CPU.ActiveCfg = Release|Any CPU
		{F0A1DBC1-463E-4560-84F0-374E9E3519D9}.Release|Any CPU.Build.0 = Release|Any CPU
	EndGlobalSection
	GlobalSection(SolutionProperties) = preSolution
		HideSolutionNode = FALSE
	EndGlobalSection
	GlobalSection(ExtensibilityGlobals) = postSolution
		SolutionGuid = {EB1462EB-1476-4FD0-83A6-A5636FE969C4}
	EndGlobalSection
EndGlobal
